{
  "name": "daizu-tts",
  "version": "0.2.7",
  "lockfileVersion": 3,
  "requires": true,
  "packages": {
    "": {
      "name": "daizu-tts",
      "version": "0.2.7",
      "dependencies": {
        "@discordjs/voice": "^0.16.1",
        "@djs-button-pages/presets": "^1.0.0",
        "axios": "^1.6.8",
        "discord.js": "^14.14.1",
        "djs-button-pages": "^4.0.1",
        "emoji-regex": "^10.3.0",
        "fluent-ffmpeg": "^2.1.2",
        "log4js": "^6.9.1",
        "sodium-native": "^4.0.10",
        "wanakana": "^5.3.1"
      }
    },
    "node_modules/@discordjs/builders": {
      "version": "1.11.3",
      "resolved": "https://registry.npmjs.org/@discordjs/builders/-/builders-1.11.3.tgz",
      "integrity": "sha512-p3kf5eV49CJiRTfhtutUCeivSyQ/l2JlKodW1ZquRwwvlOWmG9+6jFShX6x8rUiYhnP6wKI96rgN/SXMy5e5aw==",
      "dependencies": {
        "@discordjs/formatters": "^0.6.1",
        "@discordjs/util": "^1.1.1",
        "@sapphire/shapeshift": "^4.0.0",
        "discord-api-types": "^0.38.16",
        "fast-deep-equal": "^3.1.3",
        "ts-mixer": "^6.0.4",
        "tslib": "^2.6.3"
      },
      "engines": {
        "node": ">=16.11.0"
      },
      "funding": {
        "url": "https://github.com/discordjs/discord.js?sponsor"
      }
    },
    "node_modules/@discordjs/builders/node_modules/discord-api-types": {
      "version": "0.38.22",
      "resolved": "https://registry.npmjs.org/discord-api-types/-/discord-api-types-0.38.22.tgz",
      "integrity": "sha512-2gnYrgXN3yTlv2cKBISI/A8btZwsSZLwKpIQXeI1cS8a7W7wP3sFVQOm3mPuuinTD8jJCKGPGNH399zE7Un1kA==",
      "workspaces": [
        "scripts/actions/documentation"
      ]
    },
    "node_modules/@discordjs/collection": {
      "version": "1.5.3",
      "resolved": "https://registry.npmjs.org/@discordjs/collection/-/collection-1.5.3.tgz",
      "integrity": "sha512-SVb428OMd3WO1paV3rm6tSjM4wC+Kecaa1EUGX7vc6/fddvw/6lg90z4QtCqm21zvVe92vMMDt9+DkIvjXImQQ==",
      "engines": {
        "node": ">=16.11.0"
      }
    },
    "node_modules/@discordjs/formatters": {
      "version": "0.6.1",
      "resolved": "https://registry.npmjs.org/@discordjs/formatters/-/formatters-0.6.1.tgz",
      "integrity": "sha512-5cnX+tASiPCqCWtFcFslxBVUaCetB0thvM/JyavhbXInP1HJIEU+Qv/zMrnuwSsX3yWH2lVXNJZeDK3EiP4HHg==",
      "dependencies": {
        "discord-api-types": "^0.38.1"
      },
      "engines": {
        "node": ">=16.11.0"
      },
      "funding": {
        "url": "https://github.com/discordjs/discord.js?sponsor"
      }
    },
    "node_modules/@discordjs/formatters/node_modules/discord-api-types": {
      "version": "0.38.22",
      "resolved": "https://registry.npmjs.org/discord-api-types/-/discord-api-types-0.38.22.tgz",
      "integrity": "sha512-2gnYrgXN3yTlv2cKBISI/A8btZwsSZLwKpIQXeI1cS8a7W7wP3sFVQOm3mPuuinTD8jJCKGPGNH399zE7Un1kA==",
      "workspaces": [
        "scripts/actions/documentation"
      ]
    },
    "node_modules/@discordjs/rest": {
      "version": "2.6.0",
      "resolved": "https://registry.npmjs.org/@discordjs/rest/-/rest-2.6.0.tgz",
      "integrity": "sha512-RDYrhmpB7mTvmCKcpj+pc5k7POKszS4E2O9TYc+U+Y4iaCP+r910QdO43qmpOja8LRr1RJ0b3U+CqVsnPqzf4w==",
      "dependencies": {
        "@discordjs/collection": "^2.1.1",
        "@discordjs/util": "^1.1.1",
        "@sapphire/async-queue": "^1.5.3",
        "@sapphire/snowflake": "^3.5.3",
        "@vladfrangu/async_event_emitter": "^2.4.6",
        "discord-api-types": "^0.38.16",
        "magic-bytes.js": "^1.10.0",
        "tslib": "^2.6.3",
        "undici": "6.21.3"
      },
      "engines": {
        "node": ">=18"
      },
      "funding": {
        "url": "https://github.com/discordjs/discord.js?sponsor"
      }
    },
    "node_modules/@discordjs/rest/node_modules/@discordjs/collection": {
      "version": "2.1.1",
      "resolved": "https://registry.npmjs.org/@discordjs/collection/-/collection-2.1.1.tgz",
      "integrity": "sha512-LiSusze9Tc7qF03sLCujF5iZp7K+vRNEDBZ86FT9aQAv3vxMLihUvKvpsCWiQ2DJq1tVckopKm1rxomgNUc9hg==",
      "engines": {
        "node": ">=18"
      },
      "funding": {
        "url": "https://github.com/discordjs/discord.js?sponsor"
      }
    },
    "node_modules/@discordjs/rest/node_modules/discord-api-types": {
      "version": "0.38.22",
      "resolved": "https://registry.npmjs.org/discord-api-types/-/discord-api-types-0.38.22.tgz",
      "integrity": "sha512-2gnYrgXN3yTlv2cKBISI/A8btZwsSZLwKpIQXeI1cS8a7W7wP3sFVQOm3mPuuinTD8jJCKGPGNH399zE7Un1kA==",
      "workspaces": [
        "scripts/actions/documentation"
      ]
    },
    "node_modules/@discordjs/util": {
      "version": "1.1.1",
      "resolved": "https://registry.npmjs.org/@discordjs/util/-/util-1.1.1.tgz",
      "integrity": "sha512-eddz6UnOBEB1oITPinyrB2Pttej49M9FZQY8NxgEvc3tq6ZICZ19m70RsmzRdDHk80O9NoYN/25AqJl8vPVf/g==",
      "engines": {
        "node": ">=18"
      },
      "funding": {
        "url": "https://github.com/discordjs/discord.js?sponsor"
      }
    },
    "node_modules/@discordjs/voice": {
      "version": "0.16.1",
      "resolved": "https://registry.npmjs.org/@discordjs/voice/-/voice-0.16.1.tgz",
      "integrity": "sha512-uiWiW0Ta6K473yf8zs13RfKuPqm/xU4m4dAidMkIdwqgy1CztbbZBtPLfDkVSKzpW7s6m072C+uQcs4LwF3FhA==",
      "deprecated": "This version uses deprecated encryption modes. Please use a newer version.",
      "dependencies": {
        "@types/ws": "^8.5.9",
        "discord-api-types": "0.37.61",
        "prism-media": "^1.3.5",
        "tslib": "^2.6.2",
        "ws": "^8.14.2"
      },
      "engines": {
        "node": ">=16.11.0"
      }
    },
    "node_modules/@discordjs/ws": {
      "version": "1.2.3",
      "resolved": "https://registry.npmjs.org/@discordjs/ws/-/ws-1.2.3.tgz",
      "integrity": "sha512-wPlQDxEmlDg5IxhJPuxXr3Vy9AjYq5xCvFWGJyD7w7Np8ZGu+Mc+97LCoEc/+AYCo2IDpKioiH0/c/mj5ZR9Uw==",
      "dependencies": {
        "@discordjs/collection": "^2.1.0",
        "@discordjs/rest": "^2.5.1",
        "@discordjs/util": "^1.1.0",
        "@sapphire/async-queue": "^1.5.2",
        "@types/ws": "^8.5.10",
        "@vladfrangu/async_event_emitter": "^2.2.4",
        "discord-api-types": "^0.38.1",
        "tslib": "^2.6.2",
        "ws": "^8.17.0"
      },
      "engines": {
        "node": ">=16.11.0"
      },
      "funding": {
        "url": "https://github.com/discordjs/discord.js?sponsor"
      }
    },
    "node_modules/@discordjs/ws/node_modules/@discordjs/collection": {
      "version": "2.1.1",
      "resolved": "https://registry.npmjs.org/@discordjs/collection/-/collection-2.1.1.tgz",
      "integrity": "sha512-LiSusze9Tc7qF03sLCujF5iZp7K+vRNEDBZ86FT9aQAv3vxMLihUvKvpsCWiQ2DJq1tVckopKm1rxomgNUc9hg==",
      "engines": {
        "node": ">=18"
      },
      "funding": {
        "url": "https://github.com/discordjs/discord.js?sponsor"
      }
    },
    "node_modules/@discordjs/ws/node_modules/discord-api-types": {
      "version": "0.38.22",
      "resolved": "https://registry.npmjs.org/discord-api-types/-/discord-api-types-0.38.22.tgz",
      "integrity": "sha512-2gnYrgXN3yTlv2cKBISI/A8btZwsSZLwKpIQXeI1cS8a7W7wP3sFVQOm3mPuuinTD8jJCKGPGNH399zE7Un1kA==",
      "workspaces": [
        "scripts/actions/documentation"
      ]
    },
    "node_modules/@djs-button-pages/presets": {
      "version": "1.0.0",
      "resolved": "https://registry.npmjs.org/@djs-button-pages/presets/-/presets-1.0.0.tgz",
      "integrity": "sha512-6hUjtxV+GqQrpZ8Cu5X7DbQj+YB7jRv6CJJ4alHgiUg39zeNHVbni2LDlP4xPqwMgYEn+b+bBHuLUAWLj19ikA==",
      "dependencies": {
        "discord.js": "14.x",
        "djs-button-pages": "4.x"
      },
      "engines": {
        "node": ">=16.9.0"
      }
    },
    "node_modules/@sapphire/async-queue": {
      "version": "1.5.5",
      "resolved": "https://registry.npmjs.org/@sapphire/async-queue/-/async-queue-1.5.5.tgz",
      "integrity": "sha512-cvGzxbba6sav2zZkH8GPf2oGk9yYoD5qrNWdu9fRehifgnFZJMV+nuy2nON2roRO4yQQ+v7MK/Pktl/HgfsUXg==",
      "engines": {
        "node": ">=v14.0.0",
        "npm": ">=7.0.0"
      }
    },
    "node_modules/@sapphire/shapeshift": {
      "version": "4.0.0",
      "resolved": "https://registry.npmjs.org/@sapphire/shapeshift/-/shapeshift-4.0.0.tgz",
      "integrity": "sha512-d9dUmWVA7MMiKobL3VpLF8P2aeanRTu6ypG2OIaEv/ZHH/SUQ2iHOVyi5wAPjQ+HmnMuL0whK9ez8I/raWbtIg==",
      "dependencies": {
        "fast-deep-equal": "^3.1.3",
        "lodash": "^4.17.21"
      },
      "engines": {
        "node": ">=v16"
      }
    },
    "node_modules/@sapphire/snowflake": {
      "version": "3.5.3",
      "resolved": "https://registry.npmjs.org/@sapphire/snowflake/-/snowflake-3.5.3.tgz",
      "integrity": "sha512-jjmJywLAFoWeBi1W7994zZyiNWPIiqRRNAmSERxyg93xRGzNYvGjlZ0gR6x0F4gPRi2+0O6S71kOZYyr3cxaIQ==",
      "engines": {
        "node": ">=v14.0.0",
        "npm": ">=7.0.0"
      }
    },
    "node_modules/@types/node": {
      "version": "24.3.0",
      "resolved": "https://registry.npmjs.org/@types/node/-/node-24.3.0.tgz",
      "integrity": "sha512-aPTXCrfwnDLj4VvXrm+UUCQjNEvJgNA8s5F1cvwQU+3KNltTOkBm1j30uNLyqqPNe7gE3KFzImYoZEfLhp4Yow==",
      "dependencies": {
        "undici-types": "~7.10.0"
      }
    },
    "node_modules/@types/ws": {
      "version": "8.18.1",
      "resolved": "https://registry.npmjs.org/@types/ws/-/ws-8.18.1.tgz",
      "integrity": "sha512-ThVF6DCVhA8kUGy+aazFQ4kXQ7E1Ty7A3ypFOe0IcJV8O/M511G99AW24irKrW56Wt44yG9+ij8FaqoBGkuBXg==",
      "dependencies": {
        "@types/node": "*"
      }
    },
    "node_modules/@vladfrangu/async_event_emitter": {
      "version": "2.4.6",
      "resolved": "https://registry.npmjs.org/@vladfrangu/async_event_emitter/-/async_event_emitter-2.4.6.tgz",
      "integrity": "sha512-RaI5qZo6D2CVS6sTHFKg1v5Ohq/+Bo2LZ5gzUEwZ/WkHhwtGTCB/sVLw8ijOkAUxasZ+WshN/Rzj4ywsABJ5ZA==",
      "engines": {
        "node": ">=v14.0.0",
        "npm": ">=7.0.0"
      }
    },
    "node_modules/async": {
      "version": "0.2.10",
      "resolved": "https://registry.npmjs.org/async/-/async-0.2.10.tgz",
      "integrity": "sha512-eAkdoKxU6/LkKDBzLpT+t6Ff5EtfSF4wx1WfJiPEEV7WNLnDaRXk0oVysiEPm262roaachGexwUv94WhSgN5TQ=="
    },
    "node_modules/asynckit": {
      "version": "0.4.0",
      "resolved": "https://registry.npmjs.org/asynckit/-/asynckit-0.4.0.tgz",
      "integrity": "sha512-Oei9OH4tRh0YqU3GxhX79dM/mwVgvbZJaSNaRk+bshkj0S5cfHcgYakreBjrHwatXKbz+IoIdYLxrKim2MjW0Q=="
    },
    "node_modules/axios": {
      "version": "1.11.0",
      "resolved": "https://registry.npmjs.org/axios/-/axios-1.11.0.tgz",
      "integrity": "sha512-1Lx3WLFQWm3ooKDYZD1eXmoGO9fxYQjrycfHFC8P0sCfQVXyROp0p9PFWBehewBOdCwHc+f/b8I0fMto5eSfwA==",
      "dependencies": {
        "follow-redirects": "^1.15.6",
        "form-data": "^4.0.4",
        "proxy-from-env": "^1.1.0"
      }
    },
    "node_modules/bare-addon-resolve": {
      "version": "1.9.4",
      "resolved": "https://registry.npmjs.org/bare-addon-resolve/-/bare-addon-resolve-1.9.4.tgz",
      "integrity": "sha512-unn6Vy/Yke6F99vg/7tcrvM2KUvIhTNniaSqDbam4AWkd4NhvDVSrQiRYVlNzUV2P7SPobkCK7JFVxrJk9btCg==",
      "dependencies": {
        "bare-module-resolve": "^1.10.0",
        "bare-semver": "^1.0.0"
      },
      "peerDependencies": {
        "bare-url": "*"
      },
      "peerDependenciesMeta": {
        "bare-url": {
          "optional": true
        }
      }
    },
    "node_modules/bare-module-resolve": {
      "version": "1.11.1",
      "resolved": "https://registry.npmjs.org/bare-module-resolve/-/bare-module-resolve-1.11.1.tgz",
      "integrity": "sha512-DCxeT9i8sTs3vUMA3w321OX/oXtNEu5EjObQOnTmCdNp5RXHBAvAaBDHvAi9ta0q/948QPz+co6SsGi6aQMYRg==",
      "dependencies": {
        "bare-semver": "^1.0.0"
      },
      "peerDependencies": {
        "bare-url": "*"
      },
      "peerDependenciesMeta": {
        "bare-url": {
          "optional": true
        }
      }
    },
    "node_modules/bare-os": {
      "version": "3.6.2",
      "resolved": "https://registry.npmjs.org/bare-os/-/bare-os-3.6.2.tgz",
      "integrity": "sha512-T+V1+1srU2qYNBmJCXZkUY5vQ0B4FSlL3QDROnKQYOqeiQR8UbjNHlPa+TIbM4cuidiN9GaTaOZgSEgsvPbh5A==",
      "engines": {
        "bare": ">=1.14.0"
      }
    },
    "node_modules/bare-path": {
      "version": "3.0.0",
      "resolved": "https://registry.npmjs.org/bare-path/-/bare-path-3.0.0.tgz",
      "integrity": "sha512-tyfW2cQcB5NN8Saijrhqn0Zh7AnFNsnczRcuWODH0eYAXBsJ5gVxAUuNr7tsHSC6IZ77cA0SitzT+s47kot8Mw==",
      "dependencies": {
        "bare-os": "^3.0.1"
      }
    },
    "node_modules/bare-semver": {
      "version": "1.0.1",
      "resolved": "https://registry.npmjs.org/bare-semver/-/bare-semver-1.0.1.tgz",
      "integrity": "sha512-UtggzHLiTrmFOC/ogQ+Hy7VfoKoIwrP1UFcYtTxoCUdLtsIErT8+SWtOC2DH/snT9h+xDrcBEPcwKei1mzemgg=="
    },
    "node_modules/bare-url": {
      "version": "2.2.2",
      "resolved": "https://registry.npmjs.org/bare-url/-/bare-url-2.2.2.tgz",
      "integrity": "sha512-g+ueNGKkrjMazDG3elZO1pNs3HY5+mMmOet1jtKyhOaCnkLzitxf26z7hoAEkDNgdNmnc1KIlt/dw6Po6xZMpA==",
      "dependencies": {
        "bare-path": "^3.0.0"
      }
    },
    "node_modules/call-bind-apply-helpers": {
      "version": "1.0.2",
      "resolved": "https://registry.npmjs.org/call-bind-apply-helpers/-/call-bind-apply-helpers-1.0.2.tgz",
      "integrity": "sha512-Sp1ablJ0ivDkSzjcaJdxEunN5/XvksFJ2sMBFfq6x0ryhQV/2b/KwFe21cMpmHtPOSij8K99/wSfoEuTObmuMQ==",
      "dependencies": {
        "es-errors": "^1.3.0",
        "function-bind": "^1.1.2"
      },
      "engines": {
        "node": ">= 0.4"
      }
    },
    "node_modules/combined-stream": {
      "version": "1.0.8",
      "resolved": "https://registry.npmjs.org/combined-stream/-/combined-stream-1.0.8.tgz",
      "integrity": "sha512-FQN4MRfuJeHf7cBbBMJFXhKSDq+2kAArBlmRBvcvFE5BB1HZKXtSFASDhdlz9zOYwxh8lDdnvmMOe/+5cdoEdg==",
      "dependencies": {
        "delayed-stream": "~1.0.0"
      },
      "engines": {
        "node": ">= 0.8"
      }
    },
    "node_modules/date-format": {
      "version": "4.0.14",
      "resolved": "https://registry.npmjs.org/date-format/-/date-format-4.0.14.tgz",
      "integrity": "sha512-39BOQLs9ZjKh0/patS9nrT8wc3ioX3/eA/zgbKNopnF2wCqJEoxywwwElATYvRsXdnOxA/OQeQoFZ3rFjVajhg==",
      "engines": {
        "node": ">=4.0"
      }
    },
    "node_modules/debug": {
      "version": "4.4.1",
      "resolved": "https://registry.npmjs.org/debug/-/debug-4.4.1.tgz",
      "integrity": "sha512-KcKCqiftBJcZr++7ykoDIEwSa3XWowTfNPo92BYxjXiyYEVrUQh2aLyhxBCwww+heortUFxEJYcRzosstTEBYQ==",
      "dependencies": {
        "ms": "^2.1.3"
      },
      "engines": {
        "node": ">=6.0"
      },
      "peerDependenciesMeta": {
        "supports-color": {
          "optional": true
        }
      }
    },
    "node_modules/delayed-stream": {
      "version": "1.0.0",
      "resolved": "https://registry.npmjs.org/delayed-stream/-/delayed-stream-1.0.0.tgz",
      "integrity": "sha512-ZySD7Nf91aLB0RxL4KGrKHBXl7Eds1DAmEdcoVawXnLD7SDhpNgtuII2aAkg7a7QS41jxPSZ17p4VdGnMHk3MQ==",
      "engines": {
        "node": ">=0.4.0"
      }
    },
    "node_modules/discord-api-types": {
      "version": "0.37.61",
      "resolved": "https://registry.npmjs.org/discord-api-types/-/discord-api-types-0.37.61.tgz",
      "integrity": "sha512-o/dXNFfhBpYHpQFdT6FWzeO7pKc838QeeZ9d91CfVAtpr5XLK4B/zYxQbYgPdoMiTDvJfzcsLW5naXgmHGDNXw=="
    },
    "node_modules/discord.js": {
      "version": "14.22.1",
      "resolved": "https://registry.npmjs.org/discord.js/-/discord.js-14.22.1.tgz",
      "integrity": "sha512-3k+Kisd/v570Jr68A1kNs7qVhNehDwDJAPe4DZ2Syt+/zobf9zEcuYFvsfIaAOgCa0BiHMfOOKQY4eYINl0z7w==",
      "dependencies": {
        "@discordjs/builders": "^1.11.2",
        "@discordjs/collection": "1.5.3",
        "@discordjs/formatters": "^0.6.1",
        "@discordjs/rest": "^2.6.0",
        "@discordjs/util": "^1.1.1",
        "@discordjs/ws": "^1.2.3",
        "@sapphire/snowflake": "3.5.3",
        "discord-api-types": "^0.38.16",
        "fast-deep-equal": "3.1.3",
        "lodash.snakecase": "4.1.1",
        "magic-bytes.js": "^1.10.0",
        "tslib": "^2.6.3",
        "undici": "6.21.3"
      },
      "engines": {
        "node": ">=18"
      },
      "funding": {
        "url": "https://github.com/discordjs/discord.js?sponsor"
      }
    },
    "node_modules/discord.js/node_modules/discord-api-types": {
      "version": "0.38.22",
      "resolved": "https://registry.npmjs.org/discord-api-types/-/discord-api-types-0.38.22.tgz",
      "integrity": "sha512-2gnYrgXN3yTlv2cKBISI/A8btZwsSZLwKpIQXeI1cS8a7W7wP3sFVQOm3mPuuinTD8jJCKGPGNH399zE7Un1kA==",
      "workspaces": [
        "scripts/actions/documentation"
      ]
    },
    "node_modules/djs-button-pages": {
      "version": "4.0.1",
      "resolved": "https://registry.npmjs.org/djs-button-pages/-/djs-button-pages-4.0.1.tgz",
      "integrity": "sha512-T057Cy3EL9nz3Y8sNhBquc43WjfcbrYB47YWpD8QduIvAJOobfq1KqomNcBbyvELEZKMOMMpWdgjPC1EwoCphw==",
      "dependencies": {
        "discord.js": "14.x"
      },
      "engines": {
        "node": ">=16.9.0"
      },
      "peerDependencies": {
        "@djs-button-pages/presets": "1.x"
      }
    },
    "node_modules/dunder-proto": {
      "version": "1.0.1",
      "resolved": "https://registry.npmjs.org/dunder-proto/-/dunder-proto-1.0.1.tgz",
      "integrity": "sha512-KIN/nDJBQRcXw0MLVhZE9iQHmG68qAVIBg9CqmUYjmQIhgij9U5MFvrqkUL5FbtyyzZuOeOt0zdeRe4UY7ct+A==",
      "dependencies": {
        "call-bind-apply-helpers": "^1.0.1",
        "es-errors": "^1.3.0",
        "gopd": "^1.2.0"
      },
      "engines": {
        "node": ">= 0.4"
      }
    },
    "node_modules/emoji-regex": {
      "version": "10.5.0",
      "resolved": "https://registry.npmjs.org/emoji-regex/-/emoji-regex-10.5.0.tgz",
      "integrity": "sha512-lb49vf1Xzfx080OKA0o6l8DQQpV+6Vg95zyCJX9VB/BqKYlhG7N4wgROUUHRA+ZPUefLnteQOad7z1kT2bV7bg=="
    },
    "node_modules/es-define-property": {
      "version": "1.0.1",
      "resolved": "https://registry.npmjs.org/es-define-property/-/es-define-property-1.0.1.tgz",
      "integrity": "sha512-e3nRfgfUZ4rNGL232gUgX06QNyyez04KdjFrF+LTRoOXmrOgFKDg4BCdsjW8EnT69eqdYGmRpJwiPVYNrCaW3g==",
      "engines": {
        "node": ">= 0.4"
      }
    },
    "node_modules/es-errors": {
      "version": "1.3.0",
      "resolved": "https://registry.npmjs.org/es-errors/-/es-errors-1.3.0.tgz",
      "integrity": "sha512-Zf5H2Kxt2xjTvbJvP2ZWLEICxA6j+hAmMzIlypy4xcBg1vKVnx89Wy0GbS+kf5cwCVFFzdCFh2XSCFNULS6csw==",
      "engines": {
        "node": ">= 0.4"
      }
    },
    "node_modules/es-object-atoms": {
      "version": "1.1.1",
      "resolved": "https://registry.npmjs.org/es-object-atoms/-/es-object-atoms-1.1.1.tgz",
      "integrity": "sha512-FGgH2h8zKNim9ljj7dankFPcICIK9Cp5bm+c2gQSYePhpaG5+esrLODihIorn+Pe6FGJzWhXQotPv73jTaldXA==",
      "dependencies": {
        "es-errors": "^1.3.0"
      },
      "engines": {
        "node": ">= 0.4"
      }
    },
    "node_modules/es-set-tostringtag": {
      "version": "2.1.0",
      "resolved": "https://registry.npmjs.org/es-set-tostringtag/-/es-set-tostringtag-2.1.0.tgz",
      "integrity": "sha512-j6vWzfrGVfyXxge+O0x5sh6cvxAog0a/4Rdd2K36zCMV5eJ+/+tOAngRO8cODMNWbVRdVlmGZQL2YS3yR8bIUA==",
      "dependencies": {
        "es-errors": "^1.3.0",
        "get-intrinsic": "^1.2.6",
        "has-tostringtag": "^1.0.2",
        "hasown": "^2.0.2"
      },
      "engines": {
        "node": ">= 0.4"
      }
    },
    "node_modules/fast-deep-equal": {
      "version": "3.1.3",
      "resolved": "https://registry.npmjs.org/fast-deep-equal/-/fast-deep-equal-3.1.3.tgz",
      "integrity": "sha512-f3qQ9oQy9j2AhBe/H9VC91wLmKBCCU/gDOnKNAYG5hswO7BLKj09Hc5HYNz9cGI++xlpDCIgDaitVs03ATR84Q=="
    },
    "node_modules/flatted": {
      "version": "3.3.3",
      "resolved": "https://registry.npmjs.org/flatted/-/flatted-3.3.3.tgz",
      "integrity": "sha512-GX+ysw4PBCz0PzosHDepZGANEuFCMLrnRTiEy9McGjmkCQYwRq4A/X786G/fjM/+OjsWSU1ZrY5qyARZmO/uwg=="
    },
    "node_modules/fluent-ffmpeg": {
      "version": "2.1.3",
      "resolved": "https://registry.npmjs.org/fluent-ffmpeg/-/fluent-ffmpeg-2.1.3.tgz",
      "integrity": "sha512-Be3narBNt2s6bsaqP6Jzq91heDgOEaDCJAXcE3qcma/EJBSy5FB4cvO31XBInuAuKBx8Kptf8dkhjK0IOru39Q==",
      "deprecated": "Package no longer supported. Contact Support at https://www.npmjs.com/support for more info.",
      "dependencies": {
        "async": "^0.2.9",
        "which": "^1.1.1"
      },
      "engines": {
        "node": ">=18"
      }
    },
    "node_modules/follow-redirects": {
      "version": "1.15.11",
      "resolved": "https://registry.npmjs.org/follow-redirects/-/follow-redirects-1.15.11.tgz",
      "integrity": "sha512-deG2P0JfjrTxl50XGCDyfI97ZGVCxIpfKYmfyrQ54n5FO/0gfIES8C/Psl6kWVDolizcaaxZJnTS0QSMxvnsBQ==",
      "funding": [
        {
          "type": "individual",
          "url": "https://github.com/sponsors/RubenVerborgh"
        }
      ],
      "engines": {
        "node": ">=4.0"
      },
      "peerDependenciesMeta": {
        "debug": {
          "optional": true
        }
      }
    },
    "node_modules/form-data": {
      "version": "4.0.4",
      "resolved": "https://registry.npmjs.org/form-data/-/form-data-4.0.4.tgz",
      "integrity": "sha512-KrGhL9Q4zjj0kiUt5OO4Mr/A/jlI2jDYs5eHBpYHPcBEVSiipAvn2Ko2HnPe20rmcuuvMHNdZFp+4IlGTMF0Ow==",
      "dependencies": {
        "asynckit": "^0.4.0",
        "combined-stream": "^1.0.8",
        "es-set-tostringtag": "^2.1.0",
        "hasown": "^2.0.2",
        "mime-types": "^2.1.12"
      },
      "engines": {
        "node": ">= 6"
      }
    },
    "node_modules/fs-extra": {
      "version": "8.1.0",
      "resolved": "https://registry.npmjs.org/fs-extra/-/fs-extra-8.1.0.tgz",
      "integrity": "sha512-yhlQgA6mnOJUKOsRUFsgJdQCvkKhcz8tlZG5HBQfReYZy46OwLcY+Zia0mtdHsOo9y/hP+CxMN0TU9QxoOtG4g==",
      "dependencies": {
        "graceful-fs": "^4.2.0",
        "jsonfile": "^4.0.0",
        "universalify": "^0.1.0"
      },
      "engines": {
        "node": ">=6 <7 || >=8"
      }
    },
    "node_modules/function-bind": {
      "version": "1.1.2",
      "resolved": "https://registry.npmjs.org/function-bind/-/function-bind-1.1.2.tgz",
      "integrity": "sha512-7XHNxH7qX9xG5mIwxkhumTox/MIRNcOgDrxWsMt2pAr23WHp6MrRlN7FBSFpCpr+oVO0F744iUgR82nJMfG2SA==",
      "funding": {
        "url": "https://github.com/sponsors/ljharb"
      }
    },
    "node_modules/get-intrinsic": {
      "version": "1.3.0",
      "resolved": "https://registry.npmjs.org/get-intrinsic/-/get-intrinsic-1.3.0.tgz",
      "integrity": "sha512-9fSjSaos/fRIVIp+xSJlE6lfwhES7LNtKaCBIamHsjr2na1BiABJPo0mOjjz8GJDURarmCPGqaiVg5mfjb98CQ==",
      "dependencies": {
        "call-bind-apply-helpers": "^1.0.2",
        "es-define-property": "^1.0.1",
        "es-errors": "^1.3.0",
        "es-object-atoms": "^1.1.1",
        "function-bind": "^1.1.2",
        "get-proto": "^1.0.1",
        "gopd": "^1.2.0",
        "has-symbols": "^1.1.0",
        "hasown": "^2.0.2",
        "math-intrinsics": "^1.1.0"
      },
      "engines": {
        "node": ">= 0.4"
      },
      "funding": {
        "url": "https://github.com/sponsors/ljharb"
      }
    },
    "node_modules/get-proto": {
      "version": "1.0.1",
      "resolved": "https://registry.npmjs.org/get-proto/-/get-proto-1.0.1.tgz",
      "integrity": "sha512-sTSfBjoXBp89JvIKIefqw7U2CCebsc74kiY6awiGogKtoSGbgjYE/G/+l9sF3MWFPNc9IcoOC4ODfKHfxFmp0g==",
      "dependencies": {
        "dunder-proto": "^1.0.1",
        "es-object-atoms": "^1.0.0"
      },
      "engines": {
        "node": ">= 0.4"
      }
    },
    "node_modules/gopd": {
      "version": "1.2.0",
      "resolved": "https://registry.npmjs.org/gopd/-/gopd-1.2.0.tgz",
      "integrity": "sha512-ZUKRh6/kUFoAiTAtTYPZJ3hw9wNxx+BIBOijnlG9PnrJsCcSjs1wyyD6vJpaYtgnzDrKYRSqf3OO6Rfa93xsRg==",
      "engines": {
        "node": ">= 0.4"
      },
      "funding": {
        "url": "https://github.com/sponsors/ljharb"
      }
    },
    "node_modules/graceful-fs": {
      "version": "4.2.11",
      "resolved": "https://registry.npmjs.org/graceful-fs/-/graceful-fs-4.2.11.tgz",
      "integrity": "sha512-RbJ5/jmFcNNCcDV5o9eTnBLJ/HszWV0P73bc+Ff4nS/rJj+YaS6IGyiOL0VoBYX+l1Wrl3k63h/KrH+nhJ0XvQ=="
    },
    "node_modules/has-symbols": {
      "version": "1.1.0",
      "resolved": "https://registry.npmjs.org/has-symbols/-/has-symbols-1.1.0.tgz",
      "integrity": "sha512-1cDNdwJ2Jaohmb3sg4OmKaMBwuC48sYni5HUw2DvsC8LjGTLK9h+eb1X6RyuOHe4hT0ULCW68iomhjUoKUqlPQ==",
      "engines": {
        "node": ">= 0.4"
      },
      "funding": {
        "url": "https://github.com/sponsors/ljharb"
      }
    },
    "node_modules/has-tostringtag": {
      "version": "1.0.2",
      "resolved": "https://registry.npmjs.org/has-tostringtag/-/has-tostringtag-1.0.2.tgz",
      "integrity": "sha512-NqADB8VjPFLM2V0VvHUewwwsw0ZWBaIdgo+ieHtK3hasLz4qeCRjYcqfB6AQrBggRKppKF8L52/VqdVsO47Dlw==",
      "dependencies": {
        "has-symbols": "^1.0.3"
      },
      "engines": {
        "node": ">= 0.4"
      },
      "funding": {
        "url": "https://github.com/sponsors/ljharb"
      }
    },
    "node_modules/hasown": {
      "version": "2.0.2",
      "resolved": "https://registry.npmjs.org/hasown/-/hasown-2.0.2.tgz",
      "integrity": "sha512-0hJU9SCPvmMzIBdZFqNPXWa6dqh7WdH0cII9y+CyS8rG3nL48Bclra9HmKhVVUHyPWNH5Y7xDwAB7bfgSjkUMQ==",
      "dependencies": {
        "function-bind": "^1.1.2"
      },
      "engines": {
        "node": ">= 0.4"
      }
    },
    "node_modules/isexe": {
      "version": "2.0.0",
      "resolved": "https://registry.npmjs.org/isexe/-/isexe-2.0.0.tgz",
      "integrity": "sha512-RHxMLp9lnKHGHRng9QFhRCMbYAcVpn69smSGcq3f36xjgVVWThj4qqLbTLlq7Ssj8B+fIQ1EuCEGI2lKsyQeIw=="
    },
    "node_modules/jsonfile": {
      "version": "4.0.0",
      "resolved": "https://registry.npmjs.org/jsonfile/-/jsonfile-4.0.0.tgz",
      "integrity": "sha512-m6F1R3z8jjlf2imQHS2Qez5sjKWQzbuuhuJ/FKYFRZvPE3PuHcSMVZzfsLhGVOkfd20obL5SWEBew5ShlquNxg==",
      "optionalDependencies": {
        "graceful-fs": "^4.1.6"
      }
    },
    "node_modules/lodash": {
      "version": "4.17.21",
      "resolved": "https://registry.npmjs.org/lodash/-/lodash-4.17.21.tgz",
      "integrity": "sha512-v2kDEe57lecTulaDIuNTPy3Ry4gLGJ6Z1O3vE1krgXZNrsQ+LFTGHVxVjcXPs17LhbZVGedAJv8XZ1tvj5FvSg=="
    },
    "node_modules/lodash.snakecase": {
      "version": "4.1.1",
      "resolved": "https://registry.npmjs.org/lodash.snakecase/-/lodash.snakecase-4.1.1.tgz",
      "integrity": "sha512-QZ1d4xoBHYUeuouhEq3lk3Uq7ldgyFXGBhg04+oRLnIz8o9T65Eh+8YdroUwn846zchkA9yDsDl5CVVaV2nqYw=="
    },
    "node_modules/log4js": {
      "version": "6.9.1",
      "resolved": "https://registry.npmjs.org/log4js/-/log4js-6.9.1.tgz",
      "integrity": "sha512-1somDdy9sChrr9/f4UlzhdaGfDR2c/SaD2a4T7qEkG4jTS57/B3qmnjLYePwQ8cqWnUHZI0iAKxMBpCZICiZ2g==",
      "dependencies": {
        "date-format": "^4.0.14",
        "debug": "^4.3.4",
        "flatted": "^3.2.7",
        "rfdc": "^1.3.0",
        "streamroller": "^3.1.5"
      },
      "engines": {
        "node": ">=8.0"
      }
    },
    "node_modules/magic-bytes.js": {
      "version": "1.12.1",
      "resolved": "https://registry.npmjs.org/magic-bytes.js/-/magic-bytes.js-1.12.1.tgz",
      "integrity": "sha512-ThQLOhN86ZkJ7qemtVRGYM+gRgR8GEXNli9H/PMvpnZsE44Xfh3wx9kGJaldg314v85m+bFW6WBMaVHJc/c3zA=="
    },
    "node_modules/math-intrinsics": {
      "version": "1.1.0",
      "resolved": "https://registry.npmjs.org/math-intrinsics/-/math-intrinsics-1.1.0.tgz",
      "integrity": "sha512-/IXtbwEk5HTPyEwyKX6hGkYXxM9nbj64B+ilVJnC/R6B0pH5G4V3b0pVbL7DBj4tkhBAppbQUlf6F6Xl9LHu1g==",
      "engines": {
        "node": ">= 0.4"
      }
    },
    "node_modules/mime-db": {
      "version": "1.52.0",
      "resolved": "https://registry.npmjs.org/mime-db/-/mime-db-1.52.0.tgz",
      "integrity": "sha512-sPU4uV7dYlvtWJxwwxHD0PuihVNiE7TyAbQ5SWxDCB9mUYvOgroQOwYQQOKPJ8CIbE+1ETVlOoK1UC2nU3gYvg==",
      "engines": {
        "node": ">= 0.6"
      }
    },
    "node_modules/mime-types": {
      "version": "2.1.35",
      "resolved": "https://registry.npmjs.org/mime-types/-/mime-types-2.1.35.tgz",
      "integrity": "sha512-ZDY+bPm5zTTF+YpCrAU9nK0UgICYPT0QtT1NZWFv4s++TNkcgVaT0g6+4R2uI4MjQjzysHB1zxuWL50hzaeXiw==",
      "dependencies": {
        "mime-db": "1.52.0"
      },
      "engines": {
        "node": ">= 0.6"
      }
    },
    "node_modules/ms": {
      "version": "2.1.3",
      "resolved": "https://registry.npmjs.org/ms/-/ms-2.1.3.tgz",
      "integrity": "sha512-6FlzubTLZG3J2a/NVCAleEhjzq5oxgHyaCU9yYXvcLsvoVaHJq/s5xXI6/XXP6tz7R9xAOtHnSO/tXtF3WRTlA=="
    },
    "node_modules/prism-media": {
      "version": "1.3.5",
      "resolved": "https://registry.npmjs.org/prism-media/-/prism-media-1.3.5.tgz",
      "integrity": "sha512-IQdl0Q01m4LrkN1EGIE9lphov5Hy7WWlH6ulf5QdGePLlPas9p2mhgddTEHrlaXYjjFToM1/rWuwF37VF4taaA==",
      "peerDependencies": {
        "@discordjs/opus": ">=0.8.0 <1.0.0",
        "ffmpeg-static": "^5.0.2 || ^4.2.7 || ^3.0.0 || ^2.4.0",
        "node-opus": "^0.3.3",
        "opusscript": "^0.0.8"
      },
      "peerDependenciesMeta": {
        "@discordjs/opus": {
          "optional": true
        },
        "ffmpeg-static": {
          "optional": true
        },
        "node-opus": {
          "optional": true
        },
        "opusscript": {
          "optional": true
        }
      }
    },
    "node_modules/proxy-from-env": {
      "version": "1.1.0",
      "resolved": "https://registry.npmjs.org/proxy-from-env/-/proxy-from-env-1.1.0.tgz",
      "integrity": "sha512-D+zkORCbA9f1tdWRK0RaCR3GPv50cMxcrz4X8k5LTSUD1Dkw47mKJEZQNunItRTkWwgtaUSo1RVFRIG9ZXiFYg=="
    },
    "node_modules/require-addon": {
      "version": "1.1.0",
      "resolved": "https://registry.npmjs.org/require-addon/-/require-addon-1.1.0.tgz",
      "integrity": "sha512-KbXAD5q2+v1GJnkzd8zzbOxchTkStSyJZ9QwoCq3QwEXAaIlG3wDYRZGzVD357jmwaGY7hr5VaoEAL0BkF0Kvg==",
      "dependencies": {
        "bare-addon-resolve": "^1.3.0",
        "bare-url": "^2.1.0"
      },
      "engines": {
        "bare": ">=1.10.0"
      }
    },
    "node_modules/rfdc": {
      "version": "1.4.1",
      "resolved": "https://registry.npmjs.org/rfdc/-/rfdc-1.4.1.tgz",
      "integrity": "sha512-q1b3N5QkRUWUl7iyylaaj3kOpIT0N2i9MqIEQXP73GVsN9cw3fdx8X63cEmWhJGi2PPCF23Ijp7ktmd39rawIA=="
    },
    "node_modules/sodium-native": {
      "version": "4.3.3",
      "resolved": "https://registry.npmjs.org/sodium-native/-/sodium-native-4.3.3.tgz",
      "integrity": "sha512-OnxSlN3uyY8D0EsLHpmm2HOFmKddQVvEMmsakCrXUzSd8kjjbzL413t4ZNF3n0UxSwNgwTyUvkmZHTfuCeiYSw==",
      "dependencies": {
        "require-addon": "^1.1.0"
      }
    },
    "node_modules/streamroller": {
      "version": "3.1.5",
      "resolved": "https://registry.npmjs.org/streamroller/-/streamroller-3.1.5.tgz",
      "integrity": "sha512-KFxaM7XT+irxvdqSP1LGLgNWbYN7ay5owZ3r/8t77p+EtSUAfUgtl7be3xtqtOmGUl9K9YPO2ca8133RlTjvKw==",
      "dependencies": {
        "date-format": "^4.0.14",
        "debug": "^4.3.4",
        "fs-extra": "^8.1.0"
      },
      "engines": {
        "node": ">=8.0"
      }
    },
    "node_modules/ts-mixer": {
      "version": "6.0.4",
      "resolved": "https://registry.npmjs.org/ts-mixer/-/ts-mixer-6.0.4.tgz",
      "integrity": "sha512-ufKpbmrugz5Aou4wcr5Wc1UUFWOLhq+Fm6qa6P0w0K5Qw2yhaUoiWszhCVuNQyNwrlGiscHOmqYoAox1PtvgjA=="
    },
    "node_modules/tslib": {
      "version": "2.8.1",
      "resolved": "https://registry.npmjs.org/tslib/-/tslib-2.8.1.tgz",
      "integrity": "sha512-oJFu94HQb+KVduSUQL7wnpmqnfmLsOA/nAh6b6EH0wCEoK0/mPeXU6c3wKDV83MkOuHPRHtSXKKU99IBazS/2w=="
    },
    "node_modules/undici": {
      "version": "6.21.3",
      "resolved": "https://registry.npmjs.org/undici/-/undici-6.21.3.tgz",
      "integrity": "sha512-gBLkYIlEnSp8pFbT64yFgGE6UIB9tAkhukC23PmMDCe5Nd+cRqKxSjw5y54MK2AZMgZfJWMaNE4nYUHgi1XEOw==",
      "engines": {
        "node": ">=18.17"
      }
    },
    "node_modules/undici-types": {
      "version": "7.10.0",
      "resolved": "https://registry.npmjs.org/undici-types/-/undici-types-7.10.0.tgz",
      "integrity": "sha512-t5Fy/nfn+14LuOc2KNYg75vZqClpAiqscVvMygNnlsHBFpSXdJaYtXMcdNLpl/Qvc3P2cB3s6lOV51nqsFq4ag=="
    },
    "node_modules/universalify": {
      "version": "0.1.2",
      "resolved": "https://registry.npmjs.org/universalify/-/universalify-0.1.2.tgz",
      "integrity": "sha512-rBJeI5CXAlmy1pV+617WB9J63U6XcazHHF2f2dbJix4XzpUF0RS3Zbj0FGIOCAva5P/d/GBOYaACQ1w+0azUkg==",
      "engines": {
        "node": ">= 4.0.0"
      }
    },
    "node_modules/wanakana": {
      "version": "5.3.1",
      "resolved": "https://registry.npmjs.org/wanakana/-/wanakana-5.3.1.tgz",
      "integrity": "sha512-OSDqupzTlzl2LGyqTdhcXcl6ezMiFhcUwLBP8YKaBIbMYW1wAwDvupw2T9G9oVaKT9RmaSpyTXjxddFPUcFFIw==",
      "engines": {
        "node": ">=12"
      }
    },
    "node_modules/which": {
      "version": "1.3.1",
      "resolved": "https://registry.npmjs.org/which/-/which-1.3.1.tgz",
      "integrity": "sha512-HxJdYWq1MTIQbJ3nw0cqssHoTNU267KlrDuGZ1WYlxDStUtKUhOaJmh112/TZmHxxUfuJqPXSOm7tDyas0OSIQ==",
      "dependencies": {
        "isexe": "^2.0.0"
      },
      "bin": {
        "which": "bin/which"
      }
    },
    "node_modules/ws": {
      "version": "8.18.3",
      "resolved": "https://registry.npmjs.org/ws/-/ws-8.18.3.tgz",
      "integrity": "sha512-PEIGCY5tSlUt50cqyMXfCzX+oOPqN0vuGqWzbcJ2xvnkzkq46oOpz7dQaTDBdfICb4N14+GARUDw2XV2N4tvzg==",
      "engines": {
        "node": ">=10.0.0"
      },
      "peerDependencies": {
        "bufferutil": "^4.0.1",
        "utf-8-validate": ">=5.0.2"
      },
      "peerDependenciesMeta": {
        "bufferutil": {
          "optional": true
        },
        "utf-8-validate": {
          "optional": true
        }
      }
    }
  }
}
